Microsoft Visual Studio Solution File, Format Version 8.00
Project("{FAE04EC0-301F-11D3-BF4B-00C04F79EFBC}") = "iccardreader", "iccardreader.csproj", "{D7FF0BF8-E450-4130-B1BA-177954B28C8F}"
	ProjectSection(ProjectDependencies) = postProject
	EndProjectSection
EndProject
Global
	GlobalSection(SolutionConfiguration) = preSolution
		Debug = Debug
		Release = Release
	EndGlobalSection
	GlobalSection(ProjectConfiguration) = postSolution
		{D7FF0BF8-E450-4130-B1BA-177954B28C8F}.Debug.ActiveCfg = Debug|.NET
		{D7FF0BF8-E450-4130-B1BA-177954B28C8F}.Debug.Build.0 = Debug|.NET
		{D7FF0BF8-E450-4130-B1BA-177954B28C8F}.Release.ActiveCfg = Release|.NET
		{D7FF0BF8-E450-4130-B1BA-177954B28C8F}.Release.Build.0 = Release|.NET
	EndGlobalSection
	GlobalSection(ExtensibilityGlobals) = postSolution
	EndGlobalSection
	GlobalSection(ExtensibilityAddIns) = postSolution
	EndGlobalSection
EndGlobal
